
Microsoft Visual Studio Solution File, Format Version 12.00
# Visual Studio Version 17
VisualStudioVersion = 17.2.32526.322
MinimumVisualStudioVersion = 10.0.40219.1
Project("{FAE04EC0-301F-11D3-BF4B-00C04F79EFBC}") = "PiggyGonzales.Console", "PiggyGonzales.Console\PiggyGonzales.Console.csproj", "{35CD6CDD-E78E-4BF5-B9FB-F6E4FE78BDB8}"
EndProject
Global
	GlobalSection(SolutionConfigurationPlatforms) = preSolution
		Debug|Any CPU = Debug|Any CPU
		Release|Any CPU = Release|Any CPU
	EndGlobalSection
	GlobalSection(ProjectConfigurationPlatforms) = postSolution
		{35CD6CDD-E78E-4BF5-B9FB-F6E4FE78BDB8}.Debug|Any CPU.ActiveCfg = Debug|Any CPU
		{35CD6CDD-E78E-4BF5-B9FB-F6E4FE78BDB8}.Debug|Any CPU.Build.0 = Debug|Any CPU
		{35CD6CDD-E78E-4BF5-B9FB-F6E4FE78BDB8}.Release|Any CPU.ActiveCfg = Release|Any CPU
		{35CD6CDD-E78E-4BF5-B9FB-F6E4FE78BDB8}.Release|Any CPU.Build.0 = Release|Any CPU
	EndGlobalSection
	GlobalSection(SolutionProperties) = preSolution
		HideSolutionNode = FALSE
	EndGlobalSection
	GlobalSection(ExtensibilityGlobals) = postSolution
		SolutionGuid = {BEDFA150-7303-4CBC-9512-D35B3C7EDA48}
	EndGlobalSection
EndGlobal
